
Microsoft Visual Studio Solution File, Format Version 12.00
# Visual Studio Version 17
VisualStudioVersion = 17.4.33213.308
MinimumVisualStudioVersion = 10.0.40219.1
Project("{FAE04EC0-301F-11D3-BF4B-00C04F79EFBC}") = "GestaoAPI.API", "GestaoAPI.API\GestaoAPI.API.csproj", "{A0FE90D9-3335-44CA-B2E9-A06BBFEDAE80}"
EndProject
Project("{FAE04EC0-301F-11D3-BF4B-00C04F79EFBC}") = "GestaoAPI.DataAcess", "GestaoAPI.DataAcess\GestaoAPI.DataAcess.csproj", "{C6E93BBC-E4D9-455A-A98B-357D4DE028A6}"
EndProject
Project("{FAE04EC0-301F-11D3-BF4B-00C04F79EFBC}") = "GestaoAPI.Models", "GestaoAPI.Models\GestaoAPI.Models.csproj", "{0E0CE08D-B35A-402B-BB5C-92FAD6D1387B}"
EndProject
Global
	GlobalSection(SolutionConfigurationPlatforms) = preSolution
		Debug|Any CPU = Debug|Any CPU
		Release|Any CPU = Release|Any CPU
	EndGlobalSection
	GlobalSection(ProjectConfigurationPlatforms) = postSolution
		{A0FE90D9-3335-44CA-B2E9-A06BBFEDAE80}.Debug|Any CPU.ActiveCfg = Debug|Any CPU
		{A0FE90D9-3335-44CA-B2E9-A06BBFEDAE80}.Debug|Any CPU.Build.0 = Debug|Any CPU
		{A0FE90D9-3335-44CA-B2E9-A06BBFEDAE80}.Release|Any CPU.ActiveCfg = Release|Any CPU
		{A0FE90D9-3335-44CA-B2E9-A06BBFEDAE80}.Release|Any CPU.Build.0 = Release|Any CPU
		{C6E93BBC-E4D9-455A-A98B-357D4DE028A6}.Debug|Any CPU.ActiveCfg = Debug|Any CPU
		{C6E93BBC-E4D9-455A-A98B-357D4DE028A6}.Debug|Any CPU.Build.0 = Debug|Any CPU
		{C6E93BBC-E4D9-455A-A98B-357D4DE028A6}.Release|Any CPU.ActiveCfg = Release|Any CPU
		{C6E93BBC-E4D9-455A-A98B-357D4DE028A6}.Release|Any CPU.Build.0 = Release|Any CPU
		{0E0CE08D-B35A-402B-BB5C-92FAD6D1387B}.Debug|Any CPU.ActiveCfg = Debug|Any CPU
		{0E0CE08D-B35A-402B-BB5C-92FAD6D1387B}.Debug|Any CPU.Build.0 = Debug|Any CPU
		{0E0CE08D-B35A-402B-BB5C-92FAD6D1387B}.Release|Any CPU.ActiveCfg = Release|Any CPU
		{0E0CE08D-B35A-402B-BB5C-92FAD6D1387B}.Release|Any CPU.Build.0 = Release|Any CPU
	EndGlobalSection
	GlobalSection(SolutionProperties) = preSolution
		HideSolutionNode = FALSE
	EndGlobalSection
	GlobalSection(ExtensibilityGlobals) = postSolution
		SolutionGuid = {69E3E9D9-9167-43AE-B476-90F305A35CB7}
	EndGlobalSection
EndGlobal
